
Microsoft Visual Studio Solution File, Format Version 12.00
# Visual Studio Version 17
VisualStudioVersion = 17.6.33723.286
MinimumVisualStudioVersion = 10.0.40219.1
Project("{FAE04EC0-301F-11D3-BF4B-00C04F79EFBC}") = "ScreenSound", "ScreenSound\ScreenSound.csproj", "{B9B722F4-3ED1-4421-8BDE-60FCDC73073A}"
EndProject
Project("{FAE04EC0-301F-11D3-BF4B-00C04F79EFBC}") = "Random", "Random\Random.csproj", "{5445F410-039F-4283-B5A2-C88102B5FC7E}"
EndProject
Global
	GlobalSection(SolutionConfigurationPlatforms) = preSolution
		Debug|Any CPU = Debug|Any CPU
		Release|Any CPU = Release|Any CPU
	EndGlobalSection
	GlobalSection(ProjectConfigurationPlatforms) = postSolution
		{B9B722F4-3ED1-4421-8BDE-60FCDC73073A}.Debug|Any CPU.ActiveCfg = Debug|Any CPU
		{B9B722F4-3ED1-4421-8BDE-60FCDC73073A}.Debug|Any CPU.Build.0 = Debug|Any CPU
		{B9B722F4-3ED1-4421-8BDE-60FCDC73073A}.Release|Any CPU.ActiveCfg = Release|Any CPU
		{B9B722F4-3ED1-4421-8BDE-60FCDC73073A}.Release|Any CPU.Build.0 = Release|Any CPU
		{5445F410-039F-4283-B5A2-C88102B5FC7E}.Debug|Any CPU.ActiveCfg = Debug|Any CPU
		{5445F410-039F-4283-B5A2-C88102B5FC7E}.Debug|Any CPU.Build.0 = Debug|Any CPU
		{5445F410-039F-4283-B5A2-C88102B5FC7E}.Release|Any CPU.ActiveCfg = Release|Any CPU
		{5445F410-039F-4283-B5A2-C88102B5FC7E}.Release|Any CPU.Build.0 = Release|Any CPU
	EndGlobalSection
	GlobalSection(SolutionProperties) = preSolution
		HideSolutionNode = FALSE
	EndGlobalSection
	GlobalSection(ExtensibilityGlobals) = postSolution
		SolutionGuid = {8F789ABC-F22D-4B2A-86D8-AB511D360D0A}
	EndGlobalSection
EndGlobal
